{
  "name": "ccda.io",
  "lockfileVersion": 3,
  "requires": true,
  "packages": {
    "": {
      "dependencies": {
        "cda-schematron": "^1.0.1",
        "cda-schematron-validator": "^1.1.12"
      }
    },
    "node_modules/@xmldom/xmldom": {
      "version": "0.8.10",
      "resolved": "https://registry.npmjs.org/@xmldom/xmldom/-/xmldom-0.8.10.tgz",
      "integrity": "sha512-2WALfTl4xo2SkGCYRt6rDTFfk9R1czmBvUQy12gK2KuRKIpWEhcbbzy8EZXtz/jkRqHX8bFEc6FC1HjX4TUWYw==",
      "engines": {
        "node": ">=10.0.0"
      }
    },
    "node_modules/cda-schematron": {
      "version": "1.0.1",
      "resolved": "https://registry.npmjs.org/cda-schematron/-/cda-schematron-1.0.1.tgz",
      "integrity": "sha512-rJoZ04S1eWVrJ8vXdHbKpam8iPAl3zZo/q2vwsVQHhuONWbNbYWo12nGXaFdgHaDWXWDbGMb1CHhChqgmCRa/g==",
      "dependencies": {
        "crypto": "0.0.3",
        "xmldom": "0.1.27",
        "xpath": "0.0.23"
      }
    },
    "node_modules/cda-schematron-validator": {
      "version": "1.1.12",
      "resolved": "https://registry.npmjs.org/cda-schematron-validator/-/cda-schematron-validator-1.1.12.tgz",
      "integrity": "sha512-+usSrRpnJS5X4Qb2aC0iU89NoQDTk/1GCYfxdkFB92iZ3NDE4GYcx5m5gAxnk1A2BTpScV450SDAuZN47bIe2w==",
      "dependencies": {
        "@xmldom/xmldom": "^0.8.3",
        "lodash.get": "^4.4.2",
        "xpath": "^0.0.32"
      }
    },
    "node_modules/cda-schematron/node_modules/xpath": {
      "version": "0.0.23",
      "resolved": "https://registry.npmjs.org/xpath/-/xpath-0.0.23.tgz",
      "integrity": "sha512-WHBD7+PebdFl+vGmhl/TnFLHDCTytivkerph52SF+2IUtil+lbOEK0BHHAoL+z4JOHIaF5R7Dh9VgrpnzVOFRA==",
      "engines": {
        "node": ">=0.6.0"
      }
    },
    "node_modules/crypto": {
      "version": "0.0.3",
      "resolved": "https://registry.npmjs.org/crypto/-/crypto-0.0.3.tgz",
      "integrity": "sha512-Q6Ka98WcvWXXg+9cnqd3jHpTSIOaH6/q0m/bESMfQo/0uFxy6e/7EqVS4JdaWx9qLdqV56tDufy2b12dj7BHJg==",
      "deprecated": "This package is no longer supported. It's now a built-in Node module. If you've depended on crypto, you should switch to the one that's built-in.",
      "engines": {
        "node": "*"
      }
    },
    "node_modules/lodash.get": {
      "version": "4.4.2",
      "resolved": "https://registry.npmjs.org/lodash.get/-/lodash.get-4.4.2.tgz",
      "integrity": "sha512-z+Uw/vLuy6gQe8cfaFWD7p0wVv8fJl3mbzXh33RS+0oW2wvUqiRXiQ69gLWSLpgB5/6sU+r6BlQR0MBILadqTQ=="
    },
    "node_modules/xmldom": {
      "version": "0.1.27",
      "resolved": "https://registry.npmjs.org/xmldom/-/xmldom-0.1.27.tgz",
      "integrity": "sha512-7WpJBYwyhvsddFJA51SOIU0Be9W44sbGGjc6Z3ly8Wx/Wl7nriMPZ5xf6Np9ASlJ6gACfXcTLukm4DtX372lFw==",
      "deprecated": "Deprecated due to CVE-2021-21366 resolved in 0.5.0",
      "engines": {
        "node": ">=0.1"
      }
    },
    "node_modules/xpath": {
      "version": "0.0.32",
      "resolved": "https://registry.npmjs.org/xpath/-/xpath-0.0.32.tgz",
      "integrity": "sha512-rxMJhSIoiO8vXcWvSifKqhvV96GjiD5wYb8/QHdoRyQvraTpp4IEv944nhGausZZ3u7dhQXteZuZbaqfpB7uYw==",
      "engines": {
        "node": ">=0.6.0"
      }
    }
  }
}
